
Microsoft Visual Studio Solution File, Format Version 12.00
# Visual Studio Version 16
VisualStudioVersion = 16.0.29306.81
MinimumVisualStudioVersion = 10.0.40219.1
Project("{FAE04EC0-301F-11D3-BF4B-00C04F79EFBC}") = "HoujinBangouGetter", "HoujinBangouGetter\HoujinBangouGetter.csproj", "{713F3BD4-BD2A-4566-99AF-A53CF861E762}"
EndProject
Global
	GlobalSection(SolutionConfigurationPlatforms) = preSolution
		Debug|Any CPU = Debug|Any CPU
		Release|Any CPU = Release|Any CPU
	EndGlobalSection
	GlobalSection(ProjectConfigurationPlatforms) = postSolution
		{713F3BD4-BD2A-4566-99AF-A53CF861E762}.Debug|Any CPU.ActiveCfg = Debug|Any CPU
		{713F3BD4-BD2A-4566-99AF-A53CF861E762}.Debug|Any CPU.Build.0 = Debug|Any CPU
		{713F3BD4-BD2A-4566-99AF-A53CF861E762}.Release|Any CPU.ActiveCfg = Release|Any CPU
		{713F3BD4-BD2A-4566-99AF-A53CF861E762}.Release|Any CPU.Build.0 = Release|Any CPU
	EndGlobalSection
	GlobalSection(SolutionProperties) = preSolution
		HideSolutionNode = FALSE
	EndGlobalSection
	GlobalSection(ExtensibilityGlobals) = postSolution
		SolutionGuid = {3FCFD9EB-B565-48A9-92D7-6FDF2C409506}
	EndGlobalSection
EndGlobal
